{
  "name": "Rubiks-Cube-Blind-Tracer",
  "lockfileVersion": 3,
  "requires": true,
  "packages": {
    "": {
      "dependencies": {
        "cstimer_module": "^0.1.5"
      }
    },
    "node_modules/cstimer_module": {
      "version": "0.1.5",
      "resolved": "https://registry.npmjs.org/cstimer_module/-/cstimer_module-0.1.5.tgz",
      "integrity": "sha512-5vAYZEnMOjk6iExR9b8eY6XzDpJoKP4HKCD0FhBKpNIzQoxj3foGEVjmQCZsgFU3nuAewTlP6ULcZxvqFyCDJg==",
      "license": "GPL-3.0"
    }
  }
}
